
Microsoft Visual Studio Solution File, Format Version 12.00
# Visual Studio Version 16
VisualStudioVersion = 16.0.29519.87
MinimumVisualStudioVersion = 10.0.40219.1
Project("{FAE04EC0-301F-11D3-BF4B-00C04F79EFBC}") = "Basics2", "Basics2.csproj", "{EE56653E-0651-4B42-9E17-24435B468381}"
EndProject
Global
	GlobalSection(SolutionConfigurationPlatforms) = preSolution
		Debug|Any CPU = Debug|Any CPU
		Release|Any CPU = Release|Any CPU
	EndGlobalSection
	GlobalSection(ProjectConfigurationPlatforms) = postSolution
		{EE56653E-0651-4B42-9E17-24435B468381}.Debug|Any CPU.ActiveCfg = Debug|Any CPU
		{EE56653E-0651-4B42-9E17-24435B468381}.Debug|Any CPU.Build.0 = Debug|Any CPU
		{EE56653E-0651-4B42-9E17-24435B468381}.Release|Any CPU.ActiveCfg = Release|Any CPU
		{EE56653E-0651-4B42-9E17-24435B468381}.Release|Any CPU.Build.0 = Release|Any CPU
	EndGlobalSection
	GlobalSection(SolutionProperties) = preSolution
		HideSolutionNode = FALSE
	EndGlobalSection
	GlobalSection(ExtensibilityGlobals) = postSolution
		SolutionGuid = {E0AECBB9-F83D-46A0-BA03-F9E46EEB8C04}
	EndGlobalSection
EndGlobal
